// !$*UTF8*$!
{
	archiveVersion = 1;
	classes = {
	};
	objectVersion = 46;
	objects = {

/* Begin PBXBuildFile section */
		965388E2195A6A370069C713 /* Foundation.framework in Frameworks */ = {isa = PBXBuildFile; fileRef = 965388E1195A6A370069C713 /* Foundation.framework */; };
		965388E4195A6A370069C713 /* CoreGraphics.framework in Frameworks */ = {isa = PBXBuildFile; fileRef = 965388E3195A6A370069C713 /* CoreGraphics.framework */; };
		965388E6195A6A370069C713 /* UIKit.framework in Frameworks */ = {isa = PBXBuildFile; fileRef = 965388E5195A6A370069C713 /* UIKit.framework */; };
		965388EC195A6A370069C713 /* InfoPlist.strings in Resources */ = {isa = PBXBuildFile; fileRef = 965388EA195A6A370069C713 /* InfoPlist.strings */; };
		965388EE195A6A370069C713 /* main.m in Sources */ = {isa = PBXBuildFile; fileRef = 965388ED195A6A370069C713 /* main.m */; };
		965388F2195A6A370069C713 /* AppDelegate.m in Sources */ = {isa = PBXBuildFile; fileRef = 965388F1195A6A370069C713 /* AppDelegate.m */; };
		965388F4195A6A370069C713 /* Images.xcassets in Resources */ = {isa = PBXBuildFile; fileRef = 965388F3195A6A370069C713 /* Images.xcassets */; };
		965388FB195A6A370069C713 /* XCTest.framework in Frameworks */ = {isa = PBXBuildFile; fileRef = 965388FA195A6A370069C713 /* XCTest.framework */; };
		965388FC195A6A370069C713 /* Foundation.framework in Frameworks */ = {isa = PBXBuildFile; fileRef = 965388E1195A6A370069C713 /* Foundation.framework */; };
		965388FD195A6A370069C713 /* UIKit.framework in Frameworks */ = {isa = PBXBuildFile; fileRef = 965388E5195A6A370069C713 /* UIKit.framework */; };
		96538905195A6A370069C713 /* InfoPlist.strings in Resources */ = {isa = PBXBuildFile; fileRef = 96538903195A6A370069C713 /* InfoPlist.strings */; };
		96538907195A6A370069C713 /* WeekThreeTests.m in Sources */ = {isa = PBXBuildFile; fileRef = 96538906195A6A370069C713 /* WeekThreeTests.m */; };
		96538913195A6A4D0069C713 /* MenuViewController.m in Sources */ = {isa = PBXBuildFile; fileRef = 96538911195A6A4D0069C713 /* MenuViewController.m */; };
		96538914195A6A4D0069C713 /* MenuViewController.xib in Resources */ = {isa = PBXBuildFile; fileRef = 96538912195A6A4D0069C713 /* MenuViewController.xib */; };
/* End PBXBuildFile section */

/* Begin PBXContainerItemProxy section */
		965388FE195A6A370069C713 /* PBXContainerItemProxy */ = {
			isa = PBXContainerItemProxy;
			containerPortal = 965388D6195A6A370069C713 /* Project object */;
			proxyType = 1;
			remoteGlobalIDString = 965388DD195A6A370069C713;
			remoteInfo = WeekThree;
		};
/* End PBXContainerItemProxy section */

/* Begin PBXFileReference section */
		965388DE195A6A370069C713 /* WeekThree.app */ = {isa = PBXFileReference; explicitFileType = wrapper.application; includeInIndex = 0; path = WeekThree.app; sourceTree = BUILT_PRODUCTS_DIR; };
		965388E1195A6A370069C713 /* Foundation.framework */ = {isa = PBXFileReference; lastKnownFileType = wrapper.framework; name = Foundation.framework; path = System/Library/Frameworks/Foundation.framework; sourceTree = SDKROOT; };
		965388E3195A6A370069C713 /* CoreGraphics.framework */ = {isa = PBXFileReference; lastKnownFileType = wrapper.framework; name = CoreGraphics.framework; path = System/Library/Frameworks/CoreGraphics.framework; sourceTree = SDKROOT; };
		965388E5195A6A370069C713 /* UIKit.framework */ = {isa = PBXFileReference; lastKnownFileType = wrapper.framework; name = UIKit.framework; path = System/Library/Frameworks/UIKit.framework; sourceTree = SDKROOT; };
		965388E9195A6A370069C713 /* WeekThree-Info.plist */ = {isa = PBXFileReference; lastKnownFileType = text.plist.xml; path = "WeekThree-Info.plist"; sourceTree = "<group>"; };
		965388EB195A6A370069C713 /* en */ = {isa = PBXFileReference; lastKnownFileType = text.plist.strings; name = en; path = en.lproj/InfoPlist.strings; sourceTree = "<group>"; };
		965388ED195A6A370069C713 /* main.m */ = {isa = PBXFileReference; lastKnownFileType = sourcecode.c.objc; path = main.m; sourceTree = "<group>"; };
		965388EF195A6A370069C713 /* WeekThree-Prefix.pch */ = {isa = PBXFileReference; lastKnownFileType = sourcecode.c.h; path = "WeekThree-Prefix.pch"; sourceTree = "<group>"; };
		965388F0195A6A370069C713 /* AppDelegate.h */ = {isa = PBXFileReference; lastKnownFileType = sourcecode.c.h; path = AppDelegate.h; sourceTree = "<group>"; };
		965388F1195A6A370069C713 /* AppDelegate.m */ = {isa = PBXFileReference; lastKnownFileType = sourcecode.c.objc; path = AppDelegate.m; sourceTree = "<group>"; };
		965388F3195A6A370069C713 /* Images.xcassets */ = {isa = PBXFileReference; lastKnownFileType = folder.assetcatalog; path = Images.xcassets; sourceTree = "<group>"; };
		965388F9195A6A370069C713 /* WeekThreeTests.xctest */ = {isa = PBXFileReference; explicitFileType = wrapper.cfbundle; includeInIndex = 0; path = WeekThreeTests.xctest; sourceTree = BUILT_PRODUCTS_DIR; };
		965388FA195A6A370069C713 /* XCTest.framework */ = {isa = PBXFileReference; lastKnownFileType = wrapper.framework; name = XCTest.framework; path = Library/Frameworks/XCTest.framework; sourceTree = DEVELOPER_DIR; };
		96538902195A6A370069C713 /* WeekThreeTests-Info.plist */ = {isa = PBXFileReference; lastKnownFileType = text.plist.xml; path = "WeekThreeTests-Info.plist"; sourceTree = "<group>"; };
		96538904195A6A370069C713 /* en */ = {isa = PBXFileReference; lastKnownFileType = text.plist.strings; name = en; path = en.lproj/InfoPlist.strings; sourceTree = "<group>"; };
		96538906195A6A370069C713 /* WeekThreeTests.m */ = {isa = PBXFileReference; lastKnownFileType = sourcecode.c.objc; path = WeekThreeTests.m; sourceTree = "<group>"; };
		96538910195A6A4D0069C713 /* MenuViewController.h */ = {isa = PBXFileReference; fileEncoding = 4; lastKnownFileType = sourcecode.c.h; path = MenuViewController.h; sourceTree = "<group>"; };
		96538911195A6A4D0069C713 /* MenuViewController.m */ = {isa = PBXFileReference; fileEncoding = 4; lastKnownFileType = sourcecode.c.objc; path = MenuViewController.m; sourceTree = "<group>"; };
		96538912195A6A4D0069C713 /* MenuViewController.xib */ = {isa = PBXFileReference; fileEncoding = 4; lastKnownFileType = file.xib; path = MenuViewController.xib; sourceTree = "<group>"; };
/* End PBXFileReference section */

/* Begin PBXFrameworksBuildPhase section */
		965388DB195A6A370069C713 /* Frameworks */ = {
			isa = PBXFrameworksBuildPhase;
			buildActionMask = 2147483647;
			files = (
				965388E4195A6A370069C713 /* CoreGraphics.framework in Frameworks */,
				965388E6195A6A370069C713 /* UIKit.framework in Frameworks */,
				965388E2195A6A370069C713 /* Foundation.framework in Frameworks */,
			);
			runOnlyForDeploymentPostprocessing = 0;
		};
		965388F6195A6A370069C713 /* Frameworks */ = {
			isa = PBXFrameworksBuildPhase;
			buildActionMask = 2147483647;
			files = (
				965388FB195A6A370069C713 /* XCTest.framework in Frameworks */,
				965388FD195A6A370069C713 /* UIKit.framework in Frameworks */,
				965388FC195A6A370069C713 /* Foundation.framework in Frameworks */,
			);
			runOnlyForDeploymentPostprocessing = 0;
		};
/* End PBXFrameworksBuildPhase section */

/* Begin PBXGroup section */
		965388D5195A6A370069C713 = {
			isa = PBXGroup;
			children = (
				96538910195A6A4D0069C713 /* MenuViewController.h */,
				96538911195A6A4D0069C713 /* MenuViewController.m */,
				96538912195A6A4D0069C713 /* MenuViewController.xib */,
				965388E7195A6A370069C713 /* WeekThree */,
				96538900195A6A370069C713 /* WeekThreeTests */,
				965388E0195A6A370069C713 /* Frameworks */,
				965388DF195A6A370069C713 /* Products */,
			);
			sourceTree = "<group>";
		};
		965388DF195A6A370069C713 /* Products */ = {
			isa = PBXGroup;
			children = (
				965388DE195A6A370069C713 /* WeekThree.app */,
				965388F9195A6A370069C713 /* WeekThreeTests.xctest */,
			);
			name = Products;
			sourceTree = "<group>";
		};
		965388E0195A6A370069C713 /* Frameworks */ = {
			isa = PBXGroup;
			children = (
				965388E1195A6A370069C713 /* Foundation.framework */,
				965388E3195A6A370069C713 /* CoreGraphics.framework */,
				965388E5195A6A370069C713 /* UIKit.framework */,
				965388FA195A6A370069C713 /* XCTest.framework */,
			);
			name = Frameworks;
			sourceTree = "<group>";
		};
		965388E7195A6A370069C713 /* WeekThree */ = {
			isa = PBXGroup;
			children = (
				965388F0195A6A370069C713 /* AppDelegate.h */,
				965388F1195A6A370069C713 /* AppDelegate.m */,
				965388F3195A6A370069C713 /* Images.xcassets */,
				965388E8195A6A370069C713 /* Supporting Files */,
			);
			path = WeekThree;
			sourceTree = "<group>";
		};
		965388E8195A6A370069C713 /* Supporting Files */ = {
			isa = PBXGroup;
			children = (
				965388E9195A6A370069C713 /* WeekThree-Info.plist */,
				965388EA195A6A370069C713 /* InfoPlist.strings */,
				965388ED195A6A370069C713 /* main.m */,
				965388EF195A6A370069C713 /* WeekThree-Prefix.pch */,
			);
			name = "Supporting Files";
			sourceTree = "<group>";
		};
		96538900195A6A370069C713 /* WeekThreeTests */ = {
			isa = PBXGroup;
			children = (
				96538906195A6A370069C713 /* WeekThreeTests.m */,
				96538901195A6A370069C713 /* Supporting Files */,
			);
			path = WeekThreeTests;
			sourceTree = "<group>";
		};
		96538901195A6A370069C713 /* Supporting Files */ = {
			isa = PBXGroup;
			children = (
				96538902195A6A370069C713 /* WeekThreeTests-Info.plist */,
				96538903195A6A370069C713 /* InfoPlist.strings */,
			);
			name = "Supporting Files";
			sourceTree = "<group>";
		};
/* End PBXGroup section */

/* Begin PBXNativeTarget section */
		965388DD195A6A370069C713 /* WeekThree */ = {
			isa = PBXNativeTarget;
			buildConfigurationList = 9653890A195A6A370069C713 /* Build configuration list for PBXNativeTarget "WeekThree" */;
			buildPhases = (
				965388DA195A6A370069C713 /* Sources */,
				965388DB195A6A370069C713 /* Frameworks */,
				965388DC195A6A370069C713 /* Resources */,
			);
			buildRules = (
			);
			dependencies = (
			);
			name = WeekThree;
			productName = WeekThree;
			productReference = 965388DE195A6A370069C713 /* WeekThree.app */;
			productType = "com.apple.product-type.application";
		};
		965388F8195A6A370069C713 /* WeekThreeTests */ = {
			isa = PBXNativeTarget;
			buildConfigurationList = 9653890D195A6A370069C713 /* Build configuration list for PBXNativeTarget "WeekThreeTests" */;
			buildPhases = (
				965388F5195A6A370069C713 /* Sources */,
				965388F6195A6A370069C713 /* Frameworks */,
				965388F7195A6A370069C713 /* Resources */,
			);
			buildRules = (
			);
			dependencies = (
				965388FF195A6A370069C713 /* PBXTargetDependency */,
			);
			name = WeekThreeTests;
			productName = WeekThreeTests;
			productReference = 965388F9195A6A370069C713 /* WeekThreeTests.xctest */;
			productType = "com.apple.product-type.bundle.unit-test";
		};
/* End PBXNativeTarget section */

/* Begin PBXProject section */
		965388D6195A6A370069C713 /* Project object */ = {
			isa = PBXProject;
			attributes = {
				LastUpgradeCheck = 0510;
				ORGANIZATIONNAME = "___FULLUSERNAME___";
				TargetAttributes = {
					965388F8195A6A370069C713 = {
						TestTargetID = 965388DD195A6A370069C713;
					};
				};
			};
			buildConfigurationList = 965388D9195A6A370069C713 /* Build configuration list for PBXProject "WeekThree" */;
			compatibilityVersion = "Xcode 3.2";
			developmentRegion = English;
			hasScannedForEncodings = 0;
			knownRegions = (
				en,
			);
			mainGroup = 965388D5195A6A370069C713;
			productRefGroup = 965388DF195A6A370069C713 /* Products */;
			projectDirPath = "";
			projectRoot = "";
			targets = (
				965388DD195A6A370069C713 /* WeekThree */,
				965388F8195A6A370069C713 /* WeekThreeTests */,
			);
		};
/* End PBXProject section */

/* Begin PBXResourcesBuildPhase section */
		965388DC195A6A370069C713 /* Resources */ = {
			isa = PBXResourcesBuildPhase;
			buildActionMask = 2147483647;
			files = (
				965388EC195A6A370069C713 /* InfoPlist.strings in Resources */,
				96538914195A6A4D0069C713 /* MenuViewController.xib in Resources */,
				965388F4195A6A370069C713 /* Images.xcassets in Resources */,
			);
			runOnlyForDeploymentPostprocessing = 0;
		};
		965388F7195A6A370069C713 /* Resources */ = {
			isa = PBXResourcesBuildPhase;
			buildActionMask = 2147483647;
			files = (
				96538905195A6A370069C713 /* InfoPlist.strings in Resources */,
			);
			runOnlyForDeploymentPostprocessing = 0;
		};
/* End PBXResourcesBuildPhase section */

/* Begin PBXSourcesBuildPhase section */
		965388DA195A6A370069C713 /* Sources */ = {
			isa = PBXSourcesBuildPhase;
			buildActionMask = 2147483647;
			files = (
				965388F2195A6A370069C713 /* AppDelegate.m in Sources */,
				96538913195A6A4D0069C713 /* MenuViewController.m in Sources */,
				965388EE195A6A370069C713 /* main.m in Sources */,
			);
			runOnlyForDeploymentPostprocessing = 0;
		};
		965388F5195A6A370069C713 /* Sources */ = {
			isa = PBXSourcesBuildPhase;
			buildActionMask = 2147483647;
			files = (
				96538907195A6A370069C713 /* WeekThreeTests.m in Sources */,
			);
			runOnlyForDeploymentPostprocessing = 0;
		};
/* End PBXSourcesBuildPhase section */

/* Begin PBXTargetDependency section */
		965388FF195A6A370069C713 /* PBXTargetDependency */ = {
			isa = PBXTargetDependency;
			target = 965388DD195A6A370069C713 /* WeekThree */;
			targetProxy = 965388FE195A6A370069C713 /* PBXContainerItemProxy */;
		};
/* End PBXTargetDependency section */

/* Begin PBXVariantGroup section */
		965388EA195A6A370069C713 /* InfoPlist.strings */ = {
			isa = PBXVariantGroup;
			children = (
				965388EB195A6A370069C713 /* en */,
			);
			name = InfoPlist.strings;
			sourceTree = "<group>";
		};
		96538903195A6A370069C713 /* InfoPlist.strings */ = {
			isa = PBXVariantGroup;
			children = (
				96538904195A6A370069C713 /* en */,
			);
			name = InfoPlist.strings;
			sourceTree = "<group>";
		};
/* End PBXVariantGroup section */

/* Begin XCBuildConfiguration section */
		96538908195A6A370069C713 /* Debug */ = {
			isa = XCBuildConfiguration;
			buildSettings = {
				ALWAYS_SEARCH_USER_PATHS = NO;
				CLANG_CXX_LANGUAGE_STANDARD = "gnu++0x";
				CLANG_CXX_LIBRARY = "libc++";
				CLANG_ENABLE_MODULES = YES;
				CLANG_ENABLE_OBJC_ARC = YES;
				CLANG_WARN_BOOL_CONVERSION = YES;
				CLANG_WARN_CONSTANT_CONVERSION = YES;
				CLANG_WARN_DIRECT_OBJC_ISA_USAGE = YES_ERROR;
				CLANG_WARN_EMPTY_BODY = YES;
				CLANG_WARN_ENUM_CONVERSION = YES;
				CLANG_WARN_INT_CONVERSION = YES;
				CLANG_WARN_OBJC_ROOT_CLASS = YES_ERROR;
				CLANG_WARN__DUPLICATE_METHOD_MATCH = YES;
				"CODE_SIGN_IDENTITY[sdk=iphoneos*]" = "iPhone Developer";
				COPY_PHASE_STRIP = NO;
				GCC_C_LANGUAGE_STANDARD = gnu99;
				GCC_DYNAMIC_NO_PIC = NO;
				GCC_OPTIMIZATION_LEVEL = 0;
				GCC_PREPROCESSOR_DEFINITIONS = (
					"DEBUG=1",
					"$(inherited)",
				);
				GCC_SYMBOLS_PRIVATE_EXTERN = NO;
				GCC_WARN_64_TO_32_BIT_CONVERSION = YES;
				GCC_WARN_ABOUT_RETURN_TYPE = YES_ERROR;
				GCC_WARN_UNDECLARED_SELECTOR = YES;
				GCC_WARN_UNINITIALIZED_AUTOS = YES_AGGRESSIVE;
				GCC_WARN_UNUSED_FUNCTION = YES;
				GCC_WARN_UNUSED_VARIABLE = YES;
				IPHONEOS_DEPLOYMENT_TARGET = 7.1;
				ONLY_ACTIVE_ARCH = YES;
				SDKROOT = iphoneos;
			};
			name = Debug;
		};
		96538909195A6A370069C713 /* Release */ = {
			isa = XCBuildConfiguration;
			buildSettings = {
				ALWAYS_SEARCH_USER_PATHS = NO;
				CLANG_CXX_LANGUAGE_STANDARD = "gnu++0x";
				CLANG_CXX_LIBRARY = "libc++";
				CLANG_ENABLE_MODULES = YES;
				CLANG_ENABLE_OBJC_ARC = YES;
				CLANG_WARN_BOOL_CONVERSION = YES;
				CLANG_WARN_CONSTANT_CONVERSION = YES;
				CLANG_WARN_DIRECT_OBJC_ISA_USAGE = YES_ERROR;
				CLANG_WARN_EMPTY_BODY = YES;
				CLANG_WARN_ENUM_CONVERSION = YES;
				CLANG_WARN_INT_CONVERSION = YES;
				CLANG_WARN_OBJC_ROOT_CLASS = YES_ERROR;
				CLANG_WARN__DUPLICATE_METHOD_MATCH = YES;
				"CODE_SIGN_IDENTITY[sdk=iphoneos*]" = "iPhone Developer";
				COPY_PHASE_STRIP = YES;
				ENABLE_NS_ASSERTIONS = NO;
				GCC_C_LANGUAGE_STANDARD = gnu99;
				GCC_WARN_64_TO_32_BIT_CONVERSION = YES;
				GCC_WARN_ABOUT_RETURN_TYPE = YES_ERROR;
				GCC_WARN_UNDECLARED_SELECTOR = YES;
				GCC_WARN_UNINITIALIZED_AUTOS = YES_AGGRESSIVE;
				GCC_WARN_UNUSED_FUNCTION = YES;
				GCC_WARN_UNUSED_VARIABLE = YES;
				IPHONEOS_DEPLOYMENT_TARGET = 7.1;
				SDKROOT = iphoneos;
				VALIDATE_PRODUCT = YES;
			};
			name = Release;
		};
		9653890B195A6A370069C713 /* Debug */ = {
			isa = XCBuildConfiguration;
			buildSettings = {
				ASSETCATALOG_COMPILER_APPICON_NAME = AppIcon;
				ASSETCATALOG_COMPILER_LAUNCHIMAGE_NAME = LaunchImage;
				GCC_PRECOMPILE_PREFIX_HEADER = YES;
				GCC_PREFIX_HEADER = "WeekThree/WeekThree-Prefix.pch";
				INFOPLIST_FILE = "WeekThree/WeekThree-Info.plist";
				PRODUCT_NAME = "$(TARGET_NAME)";
				WRAPPER_EXTENSION = app;
			};
			name = Debug;
		};
		9653890C195A6A370069C713 /* Release */ = {
			isa = XCBuildConfiguration;
			buildSettings = {
				ASSETCATALOG_COMPILER_APPICON_NAME = AppIcon;
				ASSETCATALOG_COMPILER_LAUNCHIMAGE_NAME = LaunchImage;
				GCC_PRECOMPILE_PREFIX_HEADER = YES;
				GCC_PREFIX_HEADER = "WeekThree/WeekThree-Prefix.pch";
				INFOPLIST_FILE = "WeekThree/WeekThree-Info.plist";
				PRODUCT_NAME = "$(TARGET_NAME)";
				WRAPPER_EXTENSION = app;
			};
			name = Release;
		};
		9653890E195A6A370069C713 /* Debug */ = {
			isa = XCBuildConfiguration;
			buildSettings = {
				BUNDLE_LOADER = "$(BUILT_PRODUCTS_DIR)/WeekThree.app/WeekThree";
				FRAMEWORK_SEARCH_PATHS = (
					"$(SDKROOT)/Developer/Library/Frameworks",
					"$(inherited)",
					"$(DEVELOPER_FRAMEWORKS_DIR)",
				);
				GCC_PRECOMPILE_PREFIX_HEADER = YES;
				GCC_PREFIX_HEADER = "WeekThree/WeekThree-Prefix.pch";
				GCC_PREPROCESSOR_DEFINITIONS = (
					"DEBUG=1",
					"$(inherited)",
				);
				INFOPLIST_FILE = "WeekThreeTests/WeekThreeTests-Info.plist";
				PRODUCT_NAME = "$(TARGET_NAME)";
				TEST_HOST = "$(BUNDLE_LOADER)";
				WRAPPER_EXTENSION = xctest;
			};
			name = Debug;
		};
		9653890F195A6A370069C713 /* Release */ = {
			isa = XCBuildConfiguration;
			buildSettings = {
				BUNDLE_LOADER = "$(BUILT_PRODUCTS_DIR)/WeekThree.app/WeekThree";
				FRAMEWORK_SEARCH_PATHS = (
					"$(SDKROOT)/Developer/Library/Frameworks",
					"$(inherited)",
					"$(DEVELOPER_FRAMEWORKS_DIR)",
				);
				GCC_PRECOMPILE_PREFIX_HEADER = YES;
				GCC_PREFIX_HEADER = "WeekThree/WeekThree-Prefix.pch";
				INFOPLIST_FILE = "WeekThreeTests/WeekThreeTests-Info.plist";
				PRODUCT_NAME = "$(TARGET_NAME)";
				TEST_HOST = "$(BUNDLE_LOADER)";
				WRAPPER_EXTENSION = xctest;
			};
			name = Release;
		};
/* End XCBuildConfiguration section */

/* Begin XCConfigurationList section */
		965388D9195A6A370069C713 /* Build configuration list for PBXProject "WeekThree" */ = {
			isa = XCConfigurationList;
			buildConfigurations = (
				96538908195A6A370069C713 /* Debug */,
				96538909195A6A370069C713 /* Release */,
			);
			defaultConfigurationIsVisible = 0;
			defaultConfigurationName = Release;
		};
		9653890A195A6A370069C713 /* Build configuration list for PBXNativeTarget "WeekThree" */ = {
			isa = XCConfigurationList;
			buildConfigurations = (
				9653890B195A6A370069C713 /* Debug */,
				9653890C195A6A370069C713 /* Release */,
			);
			defaultConfigurationIsVisible = 0;
		};
		9653890D195A6A370069C713 /* Build configuration list for PBXNativeTarget "WeekThreeTests" */ = {
			isa = XCConfigurationList;
			buildConfigurations = (
				9653890E195A6A370069C713 /* Debug */,
				9653890F195A6A370069C713 /* Release */,
			);
			defaultConfigurationIsVisible = 0;
		};
/* End XCConfigurationList section */
	};
	rootObject = 965388D6195A6A370069C713 /* Project object */;
}
